<?xml version="1.0" encoding="utf-8"?>
<Project ToolsVersion="4.0" xmlns="http://schemas.microsoft.com/developer/msbuild/2003">
  <ItemGroup>
    <Filter Include="src">
      <UniqueIdentifier>{6ed75a0c-c472-4ab2-a88b-4d49899ebbb5}</UniqueIdentifier>
      <Extensions>cpp;c;cxx;rc;def;r;odl;idl;hpj;bat</Extensions>
    </Filter>
  </ItemGroup>
  <ItemGroup>
    <ClCompile Include="NpcScript.cpp">
      <Filter>src</Filter>
    </ClCompile>
    <ClCompile Include="NpcScriptHelper.cpp">
      <Filter>src</Filter>
    </ClCompile>
    <ClCompile Include="StdAfx.cpp">
      <Filter>src</Filter>
    </ClCompile>
    <ClCompile Include="WorldDialog.cpp">
      <Filter>src</Filter>
    </ClCompile>
  </ItemGroup>
  <ItemGroup>
    <None Include="WorldDialog.def">
      <Filter>src</Filter>
    </None>
  </ItemGroup>
  <ItemGroup>
    <ClInclude Include="StdAfx.h">
      <Filter>src</Filter>
    </ClInclude>
    <ClInclude Include="FunctionsInfo.h">
      <Filter>src</Filter>
    </ClInclude>
    <ClInclude Include="NpcScript.h">
      <Filter>src</Filter>
    </ClInclude>
  </ItemGroup>
</Project>